
Microsoft Visual Studio Solution File, Format Version 12.00
# Visual Studio Version 16
VisualStudioVersion = 16.0.29920.165
MinimumVisualStudioVersion = 10.0.40219.1
Project("{FAE04EC0-301F-11D3-BF4B-00C04F79EFBC}") = "Lab7PSP", "Lab7PSP\Lab7PSP.csproj", "{7B3982D9-6577-4261-8150-261E445E53CC}"
EndProject
Global
	GlobalSection(SolutionConfigurationPlatforms) = preSolution
		Debug|Any CPU = Debug|Any CPU
		Release|Any CPU = Release|Any CPU
	EndGlobalSection
	GlobalSection(ProjectConfigurationPlatforms) = postSolution
		{7B3982D9-6577-4261-8150-261E445E53CC}.Debug|Any CPU.ActiveCfg = Debug|Any CPU
		{7B3982D9-6577-4261-8150-261E445E53CC}.Debug|Any CPU.Build.0 = Debug|Any CPU
		{7B3982D9-6577-4261-8150-261E445E53CC}.Release|Any CPU.ActiveCfg = Release|Any CPU
		{7B3982D9-6577-4261-8150-261E445E53CC}.Release|Any CPU.Build.0 = Release|Any CPU
	EndGlobalSection
	GlobalSection(SolutionProperties) = preSolution
		HideSolutionNode = FALSE
	EndGlobalSection
	GlobalSection(ExtensibilityGlobals) = postSolution
		SolutionGuid = {A3482802-3547-4522-A67F-F7F3A1018A3A}
	EndGlobalSection
EndGlobal
